
Microsoft Visual Studio Solution File, Format Version 12.00
# Visual Studio 2012
Project("{FAE04EC0-301F-11D3-BF4B-00C04F79EFBC}") = "ATM SIDE BANKING", "ATM SIDE BANKING\ATM SIDE BANKING.csproj", "{2155FAB9-D93A-4BF7-B18C-A3B8CE1D496C}"
EndProject
Global
	GlobalSection(SolutionConfigurationPlatforms) = preSolution
		Debug|Any CPU = Debug|Any CPU
		Release|Any CPU = Release|Any CPU
	EndGlobalSection
	GlobalSection(ProjectConfigurationPlatforms) = postSolution
		{2155FAB9-D93A-4BF7-B18C-A3B8CE1D496C}.Debug|Any CPU.ActiveCfg = Debug|Any CPU
		{2155FAB9-D93A-4BF7-B18C-A3B8CE1D496C}.Debug|Any CPU.Build.0 = Debug|Any CPU
		{2155FAB9-D93A-4BF7-B18C-A3B8CE1D496C}.Release|Any CPU.ActiveCfg = Release|Any CPU
		{2155FAB9-D93A-4BF7-B18C-A3B8CE1D496C}.Release|Any CPU.Build.0 = Release|Any CPU
	EndGlobalSection
	GlobalSection(SolutionProperties) = preSolution
		HideSolutionNode = FALSE
	EndGlobalSection
EndGlobal
